
Microsoft Visual Studio Solution File, Format Version 12.00
# Visual Studio Version 16
VisualStudioVersion = 16.0.31911.196
MinimumVisualStudioVersion = 10.0.40219.1
Project("{FAE04EC0-301F-11D3-BF4B-00C04F79EFBC}") = "next4-api", "next4-api\next4-api.csproj", "{711E5E5B-F308-4C72-BADB-49623142D873}"
EndProject
Project("{FAE04EC0-301F-11D3-BF4B-00C04F79EFBC}") = "next4-api-tests", "next4-api-tests\next4-api-tests.csproj", "{3AD237D6-F091-4B59-B9AF-909DA6CE52DF}"
EndProject
Global
	GlobalSection(SolutionProperties) = preSolution
		HideSolutionNode = FALSE
	EndGlobalSection
	GlobalSection(ExtensibilityGlobals) = postSolution
		SolutionGuid = {0DFBF6F8-6F7E-4AF0-BDCC-682A4519CC74}
	EndGlobalSection
	GlobalSection(SolutionConfigurationPlatforms) = preSolution
		Debug|Any CPU = Debug|Any CPU
		Debug|x64 = Debug|x64
		Debug|x86 = Debug|x86
		Release|Any CPU = Release|Any CPU
		Release|x64 = Release|x64
		Release|x86 = Release|x86
	EndGlobalSection
	GlobalSection(ProjectConfigurationPlatforms) = postSolution
		{711E5E5B-F308-4C72-BADB-49623142D873}.Debug|Any CPU.ActiveCfg = Debug|Any CPU
		{711E5E5B-F308-4C72-BADB-49623142D873}.Debug|Any CPU.Build.0 = Debug|Any CPU
		{711E5E5B-F308-4C72-BADB-49623142D873}.Debug|x64.ActiveCfg = Debug|Any CPU
		{711E5E5B-F308-4C72-BADB-49623142D873}.Debug|x64.Build.0 = Debug|Any CPU
		{711E5E5B-F308-4C72-BADB-49623142D873}.Debug|x86.ActiveCfg = Debug|Any CPU
		{711E5E5B-F308-4C72-BADB-49623142D873}.Debug|x86.Build.0 = Debug|Any CPU
		{711E5E5B-F308-4C72-BADB-49623142D873}.Release|Any CPU.ActiveCfg = Release|Any CPU
		{711E5E5B-F308-4C72-BADB-49623142D873}.Release|Any CPU.Build.0 = Release|Any CPU
		{711E5E5B-F308-4C72-BADB-49623142D873}.Release|x64.ActiveCfg = Release|Any CPU
		{711E5E5B-F308-4C72-BADB-49623142D873}.Release|x64.Build.0 = Release|Any CPU
		{711E5E5B-F308-4C72-BADB-49623142D873}.Release|x86.ActiveCfg = Release|Any CPU
		{711E5E5B-F308-4C72-BADB-49623142D873}.Release|x86.Build.0 = Release|Any CPU
		{3AD237D6-F091-4B59-B9AF-909DA6CE52DF}.Debug|Any CPU.ActiveCfg = Debug|Any CPU
		{3AD237D6-F091-4B59-B9AF-909DA6CE52DF}.Debug|Any CPU.Build.0 = Debug|Any CPU
		{3AD237D6-F091-4B59-B9AF-909DA6CE52DF}.Debug|x64.ActiveCfg = Debug|Any CPU
		{3AD237D6-F091-4B59-B9AF-909DA6CE52DF}.Debug|x64.Build.0 = Debug|Any CPU
		{3AD237D6-F091-4B59-B9AF-909DA6CE52DF}.Debug|x86.ActiveCfg = Debug|Any CPU
		{3AD237D6-F091-4B59-B9AF-909DA6CE52DF}.Debug|x86.Build.0 = Debug|Any CPU
		{3AD237D6-F091-4B59-B9AF-909DA6CE52DF}.Release|Any CPU.ActiveCfg = Release|Any CPU
		{3AD237D6-F091-4B59-B9AF-909DA6CE52DF}.Release|Any CPU.Build.0 = Release|Any CPU
		{3AD237D6-F091-4B59-B9AF-909DA6CE52DF}.Release|x64.ActiveCfg = Release|Any CPU
		{3AD237D6-F091-4B59-B9AF-909DA6CE52DF}.Release|x64.Build.0 = Release|Any CPU
		{3AD237D6-F091-4B59-B9AF-909DA6CE52DF}.Release|x86.ActiveCfg = Release|Any CPU
		{3AD237D6-F091-4B59-B9AF-909DA6CE52DF}.Release|x86.Build.0 = Release|Any CPU
	EndGlobalSection
EndGlobal
